
Microsoft Visual Studio Solution File, Format Version 12.00
# Visual Studio Version 17
VisualStudioVersion = 17.13.35825.156
MinimumVisualStudioVersion = 10.0.40219.1
Project("{FAE04EC0-301F-11D3-BF4B-00C04F79EFBC}") = "PojistovnaFullAspPrzeczek", "PojistovnaFullAspPrzeczek.csproj", "{4A79836F-060C-4A78-9D43-DCD732DFA9AE}"
EndProject
Project("{FAE04EC0-301F-11D3-BF4B-00C04F79EFBC}") = "PojistovnaFullAspPrzeczek.Tests.Unit.xUnit", "..\PojistovnaFullAspPrzeczek.Tests.Unit.xUnit\PojistovnaFullAspPrzeczek.Tests.Unit.xUnit.csproj", "{EA236261-E50E-4B90-AE6F-3C3BE1F295DE}"
EndProject
Global
	GlobalSection(SolutionConfigurationPlatforms) = preSolution
		Debug|Any CPU = Debug|Any CPU
		Release|Any CPU = Release|Any CPU
	EndGlobalSection
	GlobalSection(ProjectConfigurationPlatforms) = postSolution
		{4A79836F-060C-4A78-9D43-DCD732DFA9AE}.Debug|Any CPU.ActiveCfg = Debug|Any CPU
		{4A79836F-060C-4A78-9D43-DCD732DFA9AE}.Debug|Any CPU.Build.0 = Debug|Any CPU
		{4A79836F-060C-4A78-9D43-DCD732DFA9AE}.Release|Any CPU.ActiveCfg = Release|Any CPU
		{4A79836F-060C-4A78-9D43-DCD732DFA9AE}.Release|Any CPU.Build.0 = Release|Any CPU
		{EA236261-E50E-4B90-AE6F-3C3BE1F295DE}.Debug|Any CPU.ActiveCfg = Debug|Any CPU
		{EA236261-E50E-4B90-AE6F-3C3BE1F295DE}.Debug|Any CPU.Build.0 = Debug|Any CPU
		{EA236261-E50E-4B90-AE6F-3C3BE1F295DE}.Release|Any CPU.ActiveCfg = Release|Any CPU
		{EA236261-E50E-4B90-AE6F-3C3BE1F295DE}.Release|Any CPU.Build.0 = Release|Any CPU
	EndGlobalSection
	GlobalSection(SolutionProperties) = preSolution
		HideSolutionNode = FALSE
	EndGlobalSection
	GlobalSection(ExtensibilityGlobals) = postSolution
		SolutionGuid = {2B9094C3-F1AB-4B9D-87DD-9BBB11526F23}
	EndGlobalSection
EndGlobal
